// !$*UTF8*$!
{
	archiveVersion = 1;
	classes = {
	};
	objectVersion = 50;
	objects = {

/* Begin PBXBuildFile section */
		EE35A37122C27D87006943D9 /* PlayerView.swift in Sources */ = {isa = PBXBuildFile; fileRef = EE35A37022C27D87006943D9 /* PlayerView.swift */; };
		EEA8988022B19CE2008EEC0D /* AppDelegate.swift in Sources */ = {isa = PBXBuildFile; fileRef = EEA8987F22B19CE2008EEC0D /* AppDelegate.swift */; };
		EEA8988222B19CE2008EEC0D /* SceneDelegate.swift in Sources */ = {isa = PBXBuildFile; fileRef = EEA8988122B19CE2008EEC0D /* SceneDelegate.swift */; };
		EEA8988422B19CE2008EEC0D /* ContentView.swift in Sources */ = {isa = PBXBuildFile; fileRef = EEA8988322B19CE2008EEC0D /* ContentView.swift */; };
		EEA8988622B19CE5008EEC0D /* Assets.xcassets in Resources */ = {isa = PBXBuildFile; fileRef = EEA8988522B19CE5008EEC0D /* Assets.xcassets */; };
		EEA8988922B19CE5008EEC0D /* Preview Assets.xcassets in Resources */ = {isa = PBXBuildFile; fileRef = EEA8988822B19CE5008EEC0D /* Preview Assets.xcassets */; };
		EEA8988C22B19CE5008EEC0D /* LaunchScreen.storyboard in Resources */ = {isa = PBXBuildFile; fileRef = EEA8988A22B19CE5008EEC0D /* LaunchScreen.storyboard */; };
		EEAAB5B3230F10A80076CCA6 /* dark@2x.png in Resources */ = {isa = PBXBuildFile; fileRef = EEAAB5B2230F10A80076CCA6 /* dark@2x.png */; };
		EEAAB5B5230F10BA0076CCA6 /* dark@3x.png in Resources */ = {isa = PBXBuildFile; fileRef = EEAAB5B4230F10BA0076CCA6 /* dark@3x.png */; };
		EEB795BB2302143600CFCF99 /* InfoView.swift in Sources */ = {isa = PBXBuildFile; fileRef = EEB795BA2302143600CFCF99 /* InfoView.swift */; };
/* End PBXBuildFile section */

/* Begin PBXFileReference section */
		EE35A37022C27D87006943D9 /* PlayerView.swift */ = {isa = PBXFileReference; lastKnownFileType = sourcecode.swift; path = PlayerView.swift; sourceTree = "<group>"; };
		EEA8987C22B19CE2008EEC0D /* Spindown.app */ = {isa = PBXFileReference; explicitFileType = wrapper.application; includeInIndex = 0; path = Spindown.app; sourceTree = BUILT_PRODUCTS_DIR; };
		EEA8987F22B19CE2008EEC0D /* AppDelegate.swift */ = {isa = PBXFileReference; lastKnownFileType = sourcecode.swift; path = AppDelegate.swift; sourceTree = "<group>"; };
		EEA8988122B19CE2008EEC0D /* SceneDelegate.swift */ = {isa = PBXFileReference; lastKnownFileType = sourcecode.swift; path = SceneDelegate.swift; sourceTree = "<group>"; };
		EEA8988322B19CE2008EEC0D /* ContentView.swift */ = {isa = PBXFileReference; lastKnownFileType = sourcecode.swift; path = ContentView.swift; sourceTree = "<group>"; };
		EEA8988522B19CE5008EEC0D /* Assets.xcassets */ = {isa = PBXFileReference; lastKnownFileType = folder.assetcatalog; path = Assets.xcassets; sourceTree = "<group>"; };
		EEA8988822B19CE5008EEC0D /* Preview Assets.xcassets */ = {isa = PBXFileReference; lastKnownFileType = folder.assetcatalog; path = "Preview Assets.xcassets"; sourceTree = "<group>"; };
		EEA8988B22B19CE5008EEC0D /* Base */ = {isa = PBXFileReference; lastKnownFileType = file.storyboard; name = Base; path = Base.lproj/LaunchScreen.storyboard; sourceTree = "<group>"; };
		EEA8988D22B19CE5008EEC0D /* Info.plist */ = {isa = PBXFileReference; lastKnownFileType = text.plist.xml; path = Info.plist; sourceTree = "<group>"; };
		EEA8989322B19D06008EEC0D /* Spindown.entitlements */ = {isa = PBXFileReference; lastKnownFileType = text.plist.entitlements; path = Spindown.entitlements; sourceTree = "<group>"; };
		EEAAB5B2230F10A80076CCA6 /* dark@2x.png */ = {isa = PBXFileReference; lastKnownFileType = image.png; path = "dark@2x.png"; sourceTree = "<group>"; };
		EEAAB5B4230F10BA0076CCA6 /* dark@3x.png */ = {isa = PBXFileReference; lastKnownFileType = image.png; path = "dark@3x.png"; sourceTree = "<group>"; };
		EEB795BA2302143600CFCF99 /* InfoView.swift */ = {isa = PBXFileReference; lastKnownFileType = sourcecode.swift; path = InfoView.swift; sourceTree = "<group>"; };
/* End PBXFileReference section */

/* Begin PBXFrameworksBuildPhase section */
		EEA8987922B19CE2008EEC0D /* Frameworks */ = {
			isa = PBXFrameworksBuildPhase;
			buildActionMask = 2147483647;
			files = (
			);
			runOnlyForDeploymentPostprocessing = 0;
		};
/* End PBXFrameworksBuildPhase section */

/* Begin PBXGroup section */
		EEA8987322B19CE2008EEC0D = {
			isa = PBXGroup;
			children = (
				EEA8987E22B19CE2008EEC0D /* Spindown */,
				EEA8987D22B19CE2008EEC0D /* Products */,
			);
			sourceTree = "<group>";
		};
		EEA8987D22B19CE2008EEC0D /* Products */ = {
			isa = PBXGroup;
			children = (
				EEA8987C22B19CE2008EEC0D /* Spindown.app */,
			);
			name = Products;
			sourceTree = "<group>";
		};
		EEA8987E22B19CE2008EEC0D /* Spindown */ = {
			isa = PBXGroup;
			children = (
				EEA8989322B19D06008EEC0D /* Spindown.entitlements */,
				EEA8987F22B19CE2008EEC0D /* AppDelegate.swift */,
				EEA8988122B19CE2008EEC0D /* SceneDelegate.swift */,
				EEA8988322B19CE2008EEC0D /* ContentView.swift */,
				EEA8988522B19CE5008EEC0D /* Assets.xcassets */,
				EEA8988A22B19CE5008EEC0D /* LaunchScreen.storyboard */,
				EEAAB5B2230F10A80076CCA6 /* dark@2x.png */,
				EEAAB5B4230F10BA0076CCA6 /* dark@3x.png */,
				EEA8988D22B19CE5008EEC0D /* Info.plist */,
				EEA8988722B19CE5008EEC0D /* Preview Content */,
				EE35A37022C27D87006943D9 /* PlayerView.swift */,
				EEB795BA2302143600CFCF99 /* InfoView.swift */,
			);
			path = Spindown;
			sourceTree = "<group>";
		};
		EEA8988722B19CE5008EEC0D /* Preview Content */ = {
			isa = PBXGroup;
			children = (
				EEA8988822B19CE5008EEC0D /* Preview Assets.xcassets */,
			);
			path = "Preview Content";
			sourceTree = "<group>";
		};
/* End PBXGroup section */

/* Begin PBXNativeTarget section */
		EEA8987B22B19CE2008EEC0D /* Spindown */ = {
			isa = PBXNativeTarget;
			buildConfigurationList = EEA8989022B19CE5008EEC0D /* Build configuration list for PBXNativeTarget "Spindown" */;
			buildPhases = (
				EEA8987822B19CE2008EEC0D /* Sources */,
				EEA8987922B19CE2008EEC0D /* Frameworks */,
				EEA8987A22B19CE2008EEC0D /* Resources */,
			);
			buildRules = (
			);
			dependencies = (
			);
			name = Spindown;
			productName = Spindown;
			productReference = EEA8987C22B19CE2008EEC0D /* Spindown.app */;
			productType = "com.apple.product-type.application";
		};
/* End PBXNativeTarget section */

/* Begin PBXProject section */
		EEA8987422B19CE2008EEC0D /* Project object */ = {
			isa = PBXProject;
			attributes = {
				LastSwiftUpdateCheck = 1100;
				LastUpgradeCheck = 1100;
				ORGANIZATIONNAME = "Robotic Snail Software";
				TargetAttributes = {
					EEA8987B22B19CE2008EEC0D = {
						CreatedOnToolsVersion = 11.0;
					};
				};
			};
			buildConfigurationList = EEA8987722B19CE2008EEC0D /* Build configuration list for PBXProject "Spindown" */;
			compatibilityVersion = "Xcode 9.3";
			developmentRegion = en;
			hasScannedForEncodings = 0;
			knownRegions = (
				en,
				Base,
			);
			mainGroup = EEA8987322B19CE2008EEC0D;
			productRefGroup = EEA8987D22B19CE2008EEC0D /* Products */;
			projectDirPath = "";
			projectRoot = "";
			targets = (
				EEA8987B22B19CE2008EEC0D /* Spindown */,
			);
		};
/* End PBXProject section */

/* Begin PBXResourcesBuildPhase section */
		EEA8987A22B19CE2008EEC0D /* Resources */ = {
			isa = PBXResourcesBuildPhase;
			buildActionMask = 2147483647;
			files = (
				EEA8988C22B19CE5008EEC0D /* LaunchScreen.storyboard in Resources */,
				EEAAB5B5230F10BA0076CCA6 /* dark@3x.png in Resources */,
				EEA8988922B19CE5008EEC0D /* Preview Assets.xcassets in Resources */,
				EEA8988622B19CE5008EEC0D /* Assets.xcassets in Resources */,
				EEAAB5B3230F10A80076CCA6 /* dark@2x.png in Resources */,
			);
			runOnlyForDeploymentPostprocessing = 0;
		};
/* End PBXResourcesBuildPhase section */

/* Begin PBXSourcesBuildPhase section */
		EEA8987822B19CE2008EEC0D /* Sources */ = {
			isa = PBXSourcesBuildPhase;
			buildActionMask = 2147483647;
			files = (
				EEA8988022B19CE2008EEC0D /* AppDelegate.swift in Sources */,
				EEA8988222B19CE2008EEC0D /* SceneDelegate.swift in Sources */,
				EEA8988422B19CE2008EEC0D /* ContentView.swift in Sources */,
				EEB795BB2302143600CFCF99 /* InfoView.swift in Sources */,
				EE35A37122C27D87006943D9 /* PlayerView.swift in Sources */,
			);
			runOnlyForDeploymentPostprocessing = 0;
		};
/* End PBXSourcesBuildPhase section */

/* Begin PBXVariantGroup section */
		EEA8988A22B19CE5008EEC0D /* LaunchScreen.storyboard */ = {
			isa = PBXVariantGroup;
			children = (
				EEA8988B22B19CE5008EEC0D /* Base */,
			);
			name = LaunchScreen.storyboard;
			sourceTree = "<group>";
		};
/* End PBXVariantGroup section */

/* Begin XCBuildConfiguration section */
		EEA8988E22B19CE5008EEC0D /* Debug */ = {
			isa = XCBuildConfiguration;
			buildSettings = {
				ALWAYS_SEARCH_USER_PATHS = NO;
				CLANG_ANALYZER_NONNULL = YES;
				CLANG_ANALYZER_NUMBER_OBJECT_CONVERSION = YES_AGGRESSIVE;
				CLANG_CXX_LANGUAGE_STANDARD = "gnu++14";
				CLANG_CXX_LIBRARY = "libc++";
				CLANG_ENABLE_MODULES = YES;
				CLANG_ENABLE_OBJC_ARC = YES;
				CLANG_ENABLE_OBJC_WEAK = YES;
				CLANG_WARN_BLOCK_CAPTURE_AUTORELEASING = YES;
				CLANG_WARN_BOOL_CONVERSION = YES;
				CLANG_WARN_COMMA = YES;
				CLANG_WARN_CONSTANT_CONVERSION = YES;
				CLANG_WARN_DEPRECATED_OBJC_IMPLEMENTATIONS = YES;
				CLANG_WARN_DIRECT_OBJC_ISA_USAGE = YES_ERROR;
				CLANG_WARN_DOCUMENTATION_COMMENTS = YES;
				CLANG_WARN_EMPTY_BODY = YES;
				CLANG_WARN_ENUM_CONVERSION = YES;
				CLANG_WARN_INFINITE_RECURSION = YES;
				CLANG_WARN_INT_CONVERSION = YES;
				CLANG_WARN_NON_LITERAL_NULL_CONVERSION = YES;
				CLANG_WARN_OBJC_IMPLICIT_RETAIN_SELF = YES;
				CLANG_WARN_OBJC_LITERAL_CONVERSION = YES;
				CLANG_WARN_OBJC_ROOT_CLASS = YES_ERROR;
				CLANG_WARN_RANGE_LOOP_ANALYSIS = YES;
				CLANG_WARN_STRICT_PROTOTYPES = YES;
				CLANG_WARN_SUSPICIOUS_MOVE = YES;
				CLANG_WARN_UNGUARDED_AVAILABILITY = YES_AGGRESSIVE;
				CLANG_WARN_UNREACHABLE_CODE = YES;
				CLANG_WARN__DUPLICATE_METHOD_MATCH = YES;
				COPY_PHASE_STRIP = NO;
				DEBUG_INFORMATION_FORMAT = dwarf;
				ENABLE_STRICT_OBJC_MSGSEND = YES;
				ENABLE_TESTABILITY = YES;
				GCC_C_LANGUAGE_STANDARD = gnu11;
				GCC_DYNAMIC_NO_PIC = NO;
				GCC_NO_COMMON_BLOCKS = YES;
				GCC_OPTIMIZATION_LEVEL = 0;
				GCC_PREPROCESSOR_DEFINITIONS = (
					"DEBUG=1",
					"$(inherited)",
				);
				GCC_WARN_64_TO_32_BIT_CONVERSION = YES;
				GCC_WARN_ABOUT_RETURN_TYPE = YES_ERROR;
				GCC_WARN_UNDECLARED_SELECTOR = YES;
				GCC_WARN_UNINITIALIZED_AUTOS = YES_AGGRESSIVE;
				GCC_WARN_UNUSED_FUNCTION = YES;
				GCC_WARN_UNUSED_VARIABLE = YES;
				IPHONEOS_DEPLOYMENT_TARGET = 13.0;
				MTL_ENABLE_DEBUG_INFO = INCLUDE_SOURCE;
				MTL_FAST_MATH = YES;
				ONLY_ACTIVE_ARCH = YES;
				SDKROOT = iphoneos;
				SWIFT_ACTIVE_COMPILATION_CONDITIONS = DEBUG;
				SWIFT_OPTIMIZATION_LEVEL = "-Onone";
			};
			name = Debug;
		};
		EEA8988F22B19CE5008EEC0D /* Release */ = {
			isa = XCBuildConfiguration;
			buildSettings = {
				ALWAYS_SEARCH_USER_PATHS = NO;
				CLANG_ANALYZER_NONNULL = YES;
				CLANG_ANALYZER_NUMBER_OBJECT_CONVERSION = YES_AGGRESSIVE;
				CLANG_CXX_LANGUAGE_STANDARD = "gnu++14";
				CLANG_CXX_LIBRARY = "libc++";
				CLANG_ENABLE_MODULES = YES;
				CLANG_ENABLE_OBJC_ARC = YES;
				CLANG_ENABLE_OBJC_WEAK = YES;
				CLANG_WARN_BLOCK_CAPTURE_AUTORELEASING = YES;
				CLANG_WARN_BOOL_CONVERSION = YES;
				CLANG_WARN_COMMA = YES;
				CLANG_WARN_CONSTANT_CONVERSION = YES;
				CLANG_WARN_DEPRECATED_OBJC_IMPLEMENTATIONS = YES;
				CLANG_WARN_DIRECT_OBJC_ISA_USAGE = YES_ERROR;
				CLANG_WARN_DOCUMENTATION_COMMENTS = YES;
				CLANG_WARN_EMPTY_BODY = YES;
				CLANG_WARN_ENUM_CONVERSION = YES;
				CLANG_WARN_INFINITE_RECURSION = YES;
				CLANG_WARN_INT_CONVERSION = YES;
				CLANG_WARN_NON_LITERAL_NULL_CONVERSION = YES;
				CLANG_WARN_OBJC_IMPLICIT_RETAIN_SELF = YES;
				CLANG_WARN_OBJC_LITERAL_CONVERSION = YES;
				CLANG_WARN_OBJC_ROOT_CLASS = YES_ERROR;
				CLANG_WARN_RANGE_LOOP_ANALYSIS = YES;
				CLANG_WARN_STRICT_PROTOTYPES = YES;
				CLANG_WARN_SUSPICIOUS_MOVE = YES;
				CLANG_WARN_UNGUARDED_AVAILABILITY = YES_AGGRESSIVE;
				CLANG_WARN_UNREACHABLE_CODE = YES;
				CLANG_WARN__DUPLICATE_METHOD_MATCH = YES;
				COPY_PHASE_STRIP = NO;
				DEBUG_INFORMATION_FORMAT = "dwarf-with-dsym";
				ENABLE_NS_ASSERTIONS = NO;
				ENABLE_STRICT_OBJC_MSGSEND = YES;
				GCC_C_LANGUAGE_STANDARD = gnu11;
				GCC_NO_COMMON_BLOCKS = YES;
				GCC_WARN_64_TO_32_BIT_CONVERSION = YES;
				GCC_WARN_ABOUT_RETURN_TYPE = YES_ERROR;
				GCC_WARN_UNDECLARED_SELECTOR = YES;
				GCC_WARN_UNINITIALIZED_AUTOS = YES_AGGRESSIVE;
				GCC_WARN_UNUSED_FUNCTION = YES;
				GCC_WARN_UNUSED_VARIABLE = YES;
				IPHONEOS_DEPLOYMENT_TARGET = 13.0;
				MTL_ENABLE_DEBUG_INFO = NO;
				MTL_FAST_MATH = YES;
				SDKROOT = iphoneos;
				SWIFT_COMPILATION_MODE = wholemodule;
				SWIFT_OPTIMIZATION_LEVEL = "-O";
				VALIDATE_PRODUCT = YES;
			};
			name = Release;
		};
		EEA8989122B19CE5008EEC0D /* Debug */ = {
			isa = XCBuildConfiguration;
			buildSettings = {
				ASSETCATALOG_COMPILER_APPICON_NAME = AppIcon;
				CODE_SIGN_ENTITLEMENTS = Spindown/Spindown.entitlements;
				CODE_SIGN_STYLE = Automatic;
				CURRENT_PROJECT_VERSION = 2;
				DERIVE_UIKITFORMAC_PRODUCT_BUNDLE_IDENTIFIER = YES;
				DEVELOPMENT_ASSET_PATHS = "Spindown/Preview\\ Content";
				DEVELOPMENT_TEAM = JANZDS5D43;
				ENABLE_PREVIEWS = YES;
				INFOPLIST_FILE = Spindown/Info.plist;
				LD_RUNPATH_SEARCH_PATHS = (
					"$(inherited)",
					"@executable_path/Frameworks",
				);
				PRODUCT_BUNDLE_IDENTIFIER = com.RoboticSnailSoftware.Spindown;
				PRODUCT_NAME = "$(TARGET_NAME)";
				SUPPORTS_UIKITFORMAC = YES;
				SWIFT_VERSION = 5.0;
				TARGETED_DEVICE_FAMILY = "1,2";
			};
			name = Debug;
		};
		EEA8989222B19CE5008EEC0D /* Release */ = {
			isa = XCBuildConfiguration;
			buildSettings = {
				ASSETCATALOG_COMPILER_APPICON_NAME = AppIcon;
				CODE_SIGN_ENTITLEMENTS = Spindown/Spindown.entitlements;
				CODE_SIGN_STYLE = Automatic;
				CURRENT_PROJECT_VERSION = 2;
				DERIVE_UIKITFORMAC_PRODUCT_BUNDLE_IDENTIFIER = YES;
				DEVELOPMENT_ASSET_PATHS = "Spindown/Preview\\ Content";
				DEVELOPMENT_TEAM = JANZDS5D43;
				ENABLE_PREVIEWS = YES;
				INFOPLIST_FILE = Spindown/Info.plist;
				LD_RUNPATH_SEARCH_PATHS = (
					"$(inherited)",
					"@executable_path/Frameworks",
				);
				PRODUCT_BUNDLE_IDENTIFIER = com.RoboticSnailSoftware.Spindown;
				PRODUCT_NAME = "$(TARGET_NAME)";
				SUPPORTS_UIKITFORMAC = YES;
				SWIFT_VERSION = 5.0;
				TARGETED_DEVICE_FAMILY = "1,2";
			};
			name = Release;
		};
/* End XCBuildConfiguration section */

/* Begin XCConfigurationList section */
		EEA8987722B19CE2008EEC0D /* Build configuration list for PBXProject "Spindown" */ = {
			isa = XCConfigurationList;
			buildConfigurations = (
				EEA8988E22B19CE5008EEC0D /* Debug */,
				EEA8988F22B19CE5008EEC0D /* Release */,
			);
			defaultConfigurationIsVisible = 0;
			defaultConfigurationName = Release;
		};
		EEA8989022B19CE5008EEC0D /* Build configuration list for PBXNativeTarget "Spindown" */ = {
			isa = XCConfigurationList;
			buildConfigurations = (
				EEA8989122B19CE5008EEC0D /* Debug */,
				EEA8989222B19CE5008EEC0D /* Release */,
			);
			defaultConfigurationIsVisible = 0;
			defaultConfigurationName = Release;
		};
/* End XCConfigurationList section */
	};
	rootObject = EEA8987422B19CE2008EEC0D /* Project object */;
}
